
Microsoft Visual Studio Solution File, Format Version 12.00
# Visual Studio Version 16
VisualStudioVersion = 16.0.30503.244
MinimumVisualStudioVersion = 10.0.40219.1
Project("{FAE04EC0-301F-11D3-BF4B-00C04F79EFBC}") = "Vidly", "Vidly.csproj", "{2A11CA95-958B-4993-BC87-DA057D16F982}"
EndProject
Global
	GlobalSection(SolutionConfigurationPlatforms) = preSolution
		Debug|Any CPU = Debug|Any CPU
		Release|Any CPU = Release|Any CPU
	EndGlobalSection
	GlobalSection(ProjectConfigurationPlatforms) = postSolution
		{2A11CA95-958B-4993-BC87-DA057D16F982}.Debug|Any CPU.ActiveCfg = Debug|Any CPU
		{2A11CA95-958B-4993-BC87-DA057D16F982}.Debug|Any CPU.Build.0 = Debug|Any CPU
		{2A11CA95-958B-4993-BC87-DA057D16F982}.Release|Any CPU.ActiveCfg = Release|Any CPU
		{2A11CA95-958B-4993-BC87-DA057D16F982}.Release|Any CPU.Build.0 = Release|Any CPU
	EndGlobalSection
	GlobalSection(SolutionProperties) = preSolution
		HideSolutionNode = FALSE
	EndGlobalSection
	GlobalSection(ExtensibilityGlobals) = postSolution
		SolutionGuid = {36EEBF3F-264B-4961-A688-0727176715A6}
	EndGlobalSection
EndGlobal
